
Microsoft Visual Studio Solution File, Format Version 12.00
# Visual Studio 2013
VisualStudioVersion = 12.0.30723.0
MinimumVisualStudioVersion = 10.0.40219.1
Project("{FAE04EC0-301F-11D3-BF4B-00C04F79EFBC}") = "XamarinFormsCameraPreview", "XamarinFormsCameraPreview\XamarinFormsCameraPreview\XamarinFormsCameraPreview.csproj", "{16D83BB3-1B39-4C03-98F2-2559BDD1138E}"
EndProject
Project("{FAE04EC0-301F-11D3-BF4B-00C04F79EFBC}") = "XamarinFormsCameraPreview.iOS", "XamarinFormsCameraPreview\XamarinFormsCameraPreview.iOS\XamarinFormsCameraPreview.iOS.csproj", "{DA47270A-EEEE-48F4-9BFD-DA315F43ED98}"
EndProject
Project("{FAE04EC0-301F-11D3-BF4B-00C04F79EFBC}") = "XamarinFormsCameraPreview.Android", "XamarinFormsCameraPreview\XamarinFormsCameraPreview.Android\XamarinFormsCameraPreview.Android.csproj", "{1D1B34ED-70A2-4C70-8EAC-299588D91DEB}"
EndProject
Project("{FAE04EC0-301F-11D3-BF4B-00C04F79EFBC}") = "XamarinFormsCameraPreview.WinPhone", "XamarinFormsCameraPreview\XamarinFormsCameraPreview.WinPhone\XamarinFormsCameraPreview.WinPhone.csproj", "{FE89E28A-6B08-486C-8E72-5153EFF147FE}"
EndProject
Project("{2150E333-8FDC-42A3-9474-1A3956D46DE8}") = ".nuget", ".nuget", "{DA1F07E3-3D7B-412D-BA88-4CF00D960D09}"
	ProjectSection(SolutionItems) = preProject
		.nuget\NuGet.Config = .nuget\NuGet.Config
		.nuget\NuGet.exe = .nuget\NuGet.exe
		.nuget\NuGet.targets = .nuget\NuGet.targets
	EndProjectSection
EndProject
Global
	GlobalSection(SolutionConfigurationPlatforms) = preSolution
		Ad-Hoc|Any CPU = Ad-Hoc|Any CPU
		Ad-Hoc|ARM = Ad-Hoc|ARM
		Ad-Hoc|iPhone = Ad-Hoc|iPhone
		Ad-Hoc|iPhoneSimulator = Ad-Hoc|iPhoneSimulator
		Ad-Hoc|Mixed Platforms = Ad-Hoc|Mixed Platforms
		Ad-Hoc|x86 = Ad-Hoc|x86
		AppStore|Any CPU = AppStore|Any CPU
		AppStore|ARM = AppStore|ARM
		AppStore|iPhone = AppStore|iPhone
		AppStore|iPhoneSimulator = AppStore|iPhoneSimulator
		AppStore|Mixed Platforms = AppStore|Mixed Platforms
		AppStore|x86 = AppStore|x86
		Debug|Any CPU = Debug|Any CPU
		Debug|ARM = Debug|ARM
		Debug|iPhone = Debug|iPhone
		Debug|iPhoneSimulator = Debug|iPhoneSimulator
		Debug|Mixed Platforms = Debug|Mixed Platforms
		Debug|x86 = Debug|x86
		Release|Any CPU = Release|Any CPU
		Release|ARM = Release|ARM
		Release|iPhone = Release|iPhone
		Release|iPhoneSimulator = Release|iPhoneSimulator
		Release|Mixed Platforms = Release|Mixed Platforms
		Release|x86 = Release|x86
	EndGlobalSection
	GlobalSection(ProjectConfigurationPlatforms) = postSolution
		{16D83BB3-1B39-4C03-98F2-2559BDD1138E}.Ad-Hoc|Any CPU.ActiveCfg = Release|Any CPU
		{16D83BB3-1B39-4C03-98F2-2559BDD1138E}.Ad-Hoc|Any CPU.Build.0 = Release|Any CPU
		{16D83BB3-1B39-4C03-98F2-2559BDD1138E}.Ad-Hoc|ARM.ActiveCfg = Release|Any CPU
		{16D83BB3-1B39-4C03-98F2-2559BDD1138E}.Ad-Hoc|iPhone.ActiveCfg = Release|Any CPU
		{16D83BB3-1B39-4C03-98F2-2559BDD1138E}.Ad-Hoc|iPhoneSimulator.ActiveCfg = Release|Any CPU
		{16D83BB3-1B39-4C03-98F2-2559BDD1138E}.Ad-Hoc|Mixed Platforms.ActiveCfg = Release|Any CPU
		{16D83BB3-1B39-4C03-98F2-2559BDD1138E}.Ad-Hoc|Mixed Platforms.Build.0 = Release|Any CPU
		{16D83BB3-1B39-4C03-98F2-2559BDD1138E}.Ad-Hoc|x86.ActiveCfg = Release|Any CPU
		{16D83BB3-1B39-4C03-98F2-2559BDD1138E}.AppStore|Any CPU.ActiveCfg = Release|Any CPU
		{16D83BB3-1B39-4C03-98F2-2559BDD1138E}.AppStore|Any CPU.Build.0 = Release|Any CPU
		{16D83BB3-1B39-4C03-98F2-2559BDD1138E}.AppStore|ARM.ActiveCfg = Release|Any CPU
		{16D83BB3-1B39-4C03-98F2-2559BDD1138E}.AppStore|iPhone.ActiveCfg = Release|Any CPU
		{16D83BB3-1B39-4C03-98F2-2559BDD1138E}.AppStore|iPhoneSimulator.ActiveCfg = Release|Any CPU
		{16D83BB3-1B39-4C03-98F2-2559BDD1138E}.AppStore|Mixed Platforms.ActiveCfg = Release|Any CPU
		{16D83BB3-1B39-4C03-98F2-2559BDD1138E}.AppStore|Mixed Platforms.Build.0 = Release|Any CPU
		{16D83BB3-1B39-4C03-98F2-2559BDD1138E}.AppStore|x86.ActiveCfg = Release|Any CPU
		{16D83BB3-1B39-4C03-98F2-2559BDD1138E}.Debug|Any CPU.ActiveCfg = Debug|Any CPU
		{16D83BB3-1B39-4C03-98F2-2559BDD1138E}.Debug|Any CPU.Build.0 = Debug|Any CPU
		{16D83BB3-1B39-4C03-98F2-2559BDD1138E}.Debug|ARM.ActiveCfg = Debug|Any CPU
		{16D83BB3-1B39-4C03-98F2-2559BDD1138E}.Debug|iPhone.ActiveCfg = Debug|Any CPU
		{16D83BB3-1B39-4C03-98F2-2559BDD1138E}.Debug|iPhoneSimulator.ActiveCfg = Debug|Any CPU
		{16D83BB3-1B39-4C03-98F2-2559BDD1138E}.Debug|Mixed Platforms.ActiveCfg = Debug|Any CPU
		{16D83BB3-1B39-4C03-98F2-2559BDD1138E}.Debug|Mixed Platforms.Build.0 = Debug|Any CPU
		{16D83BB3-1B39-4C03-98F2-2559BDD1138E}.Debug|x86.ActiveCfg = Debug|Any CPU
		{16D83BB3-1B39-4C03-98F2-2559BDD1138E}.Release|Any CPU.ActiveCfg = Release|Any CPU
		{16D83BB3-1B39-4C03-98F2-2559BDD1138E}.Release|Any CPU.Build.0 = Release|Any CPU
		{16D83BB3-1B39-4C03-98F2-2559BDD1138E}.Release|ARM.ActiveCfg = Release|Any CPU
		{16D83BB3-1B39-4C03-98F2-2559BDD1138E}.Release|iPhone.ActiveCfg = Release|Any CPU
		{16D83BB3-1B39-4C03-98F2-2559BDD1138E}.Release|iPhoneSimulator.ActiveCfg = Release|Any CPU
		{16D83BB3-1B39-4C03-98F2-2559BDD1138E}.Release|Mixed Platforms.ActiveCfg = Release|Any CPU
		{16D83BB3-1B39-4C03-98F2-2559BDD1138E}.Release|Mixed Platforms.Build.0 = Release|Any CPU
		{16D83BB3-1B39-4C03-98F2-2559BDD1138E}.Release|x86.ActiveCfg = Release|Any CPU
		{DA47270A-EEEE-48F4-9BFD-DA315F43ED98}.Ad-Hoc|Any CPU.ActiveCfg = Ad-Hoc|iPhone
		{DA47270A-EEEE-48F4-9BFD-DA315F43ED98}.Ad-Hoc|ARM.ActiveCfg = Ad-Hoc|iPhone
		{DA47270A-EEEE-48F4-9BFD-DA315F43ED98}.Ad-Hoc|iPhone.ActiveCfg = Ad-Hoc|iPhone
		{DA47270A-EEEE-48F4-9BFD-DA315F43ED98}.Ad-Hoc|iPhone.Build.0 = Ad-Hoc|iPhone
		{DA47270A-EEEE-48F4-9BFD-DA315F43ED98}.Ad-Hoc|iPhoneSimulator.ActiveCfg = Ad-Hoc|iPhoneSimulator
		{DA47270A-EEEE-48F4-9BFD-DA315F43ED98}.Ad-Hoc|iPhoneSimulator.Build.0 = Ad-Hoc|iPhoneSimulator
		{DA47270A-EEEE-48F4-9BFD-DA315F43ED98}.Ad-Hoc|Mixed Platforms.ActiveCfg = Ad-Hoc|iPhone
		{DA47270A-EEEE-48F4-9BFD-DA315F43ED98}.Ad-Hoc|Mixed Platforms.Build.0 = Ad-Hoc|iPhone
		{DA47270A-EEEE-48F4-9BFD-DA315F43ED98}.Ad-Hoc|x86.ActiveCfg = Ad-Hoc|iPhone
		{DA47270A-EEEE-48F4-9BFD-DA315F43ED98}.AppStore|Any CPU.ActiveCfg = AppStore|iPhone
		{DA47270A-EEEE-48F4-9BFD-DA315F43ED98}.AppStore|ARM.ActiveCfg = AppStore|iPhone
		{DA47270A-EEEE-48F4-9BFD-DA315F43ED98}.AppStore|iPhone.ActiveCfg = AppStore|iPhone
		{DA47270A-EEEE-48F4-9BFD-DA315F43ED98}.AppStore|iPhone.Build.0 = AppStore|iPhone
		{DA47270A-EEEE-48F4-9BFD-DA315F43ED98}.AppStore|iPhoneSimulator.ActiveCfg = AppStore|iPhoneSimulator
		{DA47270A-EEEE-48F4-9BFD-DA315F43ED98}.AppStore|iPhoneSimulator.Build.0 = AppStore|iPhoneSimulator
		{DA47270A-EEEE-48F4-9BFD-DA315F43ED98}.AppStore|Mixed Platforms.ActiveCfg = AppStore|iPhone
		{DA47270A-EEEE-48F4-9BFD-DA315F43ED98}.AppStore|Mixed Platforms.Build.0 = AppStore|iPhone
		{DA47270A-EEEE-48F4-9BFD-DA315F43ED98}.AppStore|x86.ActiveCfg = AppStore|iPhone
		{DA47270A-EEEE-48F4-9BFD-DA315F43ED98}.Debug|Any CPU.ActiveCfg = Debug|iPhone
		{DA47270A-EEEE-48F4-9BFD-DA315F43ED98}.Debug|ARM.ActiveCfg = Debug|iPhone
		{DA47270A-EEEE-48F4-9BFD-DA315F43ED98}.Debug|iPhone.ActiveCfg = Debug|iPhone
		{DA47270A-EEEE-48F4-9BFD-DA315F43ED98}.Debug|iPhone.Build.0 = Debug|iPhone
		{DA47270A-EEEE-48F4-9BFD-DA315F43ED98}.Debug|iPhoneSimulator.ActiveCfg = Debug|iPhoneSimulator
		{DA47270A-EEEE-48F4-9BFD-DA315F43ED98}.Debug|iPhoneSimulator.Build.0 = Debug|iPhoneSimulator
		{DA47270A-EEEE-48F4-9BFD-DA315F43ED98}.Debug|Mixed Platforms.ActiveCfg = Debug|iPhone
		{DA47270A-EEEE-48F4-9BFD-DA315F43ED98}.Debug|Mixed Platforms.Build.0 = Debug|iPhone
		{DA47270A-EEEE-48F4-9BFD-DA315F43ED98}.Debug|x86.ActiveCfg = Debug|iPhone
		{DA47270A-EEEE-48F4-9BFD-DA315F43ED98}.Release|Any CPU.ActiveCfg = Release|iPhone
		{DA47270A-EEEE-48F4-9BFD-DA315F43ED98}.Release|ARM.ActiveCfg = Release|iPhone
		{DA47270A-EEEE-48F4-9BFD-DA315F43ED98}.Release|iPhone.ActiveCfg = Release|iPhone
		{DA47270A-EEEE-48F4-9BFD-DA315F43ED98}.Release|iPhone.Build.0 = Release|iPhone
		{DA47270A-EEEE-48F4-9BFD-DA315F43ED98}.Release|iPhoneSimulator.ActiveCfg = Release|iPhoneSimulator
		{DA47270A-EEEE-48F4-9BFD-DA315F43ED98}.Release|iPhoneSimulator.Build.0 = Release|iPhoneSimulator
		{DA47270A-EEEE-48F4-9BFD-DA315F43ED98}.Release|Mixed Platforms.ActiveCfg = Release|iPhone
		{DA47270A-EEEE-48F4-9BFD-DA315F43ED98}.Release|Mixed Platforms.Build.0 = Release|iPhone
		{DA47270A-EEEE-48F4-9BFD-DA315F43ED98}.Release|x86.ActiveCfg = Release|iPhone
		{1D1B34ED-70A2-4C70-8EAC-299588D91DEB}.Ad-Hoc|Any CPU.ActiveCfg = Release|Any CPU
		{1D1B34ED-70A2-4C70-8EAC-299588D91DEB}.Ad-Hoc|Any CPU.Build.0 = Release|Any CPU
		{1D1B34ED-70A2-4C70-8EAC-299588D91DEB}.Ad-Hoc|Any CPU.Deploy.0 = Release|Any CPU
		{1D1B34ED-70A2-4C70-8EAC-299588D91DEB}.Ad-Hoc|ARM.ActiveCfg = Release|Any CPU
		{1D1B34ED-70A2-4C70-8EAC-299588D91DEB}.Ad-Hoc|iPhone.ActiveCfg = Release|Any CPU
		{1D1B34ED-70A2-4C70-8EAC-299588D91DEB}.Ad-Hoc|iPhoneSimulator.ActiveCfg = Release|Any CPU
		{1D1B34ED-70A2-4C70-8EAC-299588D91DEB}.Ad-Hoc|Mixed Platforms.ActiveCfg = Release|Any CPU
		{1D1B34ED-70A2-4C70-8EAC-299588D91DEB}.Ad-Hoc|Mixed Platforms.Build.0 = Release|Any CPU
		{1D1B34ED-70A2-4C70-8EAC-299588D91DEB}.Ad-Hoc|Mixed Platforms.Deploy.0 = Release|Any CPU
		{1D1B34ED-70A2-4C70-8EAC-299588D91DEB}.Ad-Hoc|x86.ActiveCfg = Release|Any CPU
		{1D1B34ED-70A2-4C70-8EAC-299588D91DEB}.AppStore|Any CPU.ActiveCfg = Release|Any CPU
		{1D1B34ED-70A2-4C70-8EAC-299588D91DEB}.AppStore|Any CPU.Build.0 = Release|Any CPU
		{1D1B34ED-70A2-4C70-8EAC-299588D91DEB}.AppStore|Any CPU.Deploy.0 = Release|Any CPU
		{1D1B34ED-70A2-4C70-8EAC-299588D91DEB}.AppStore|ARM.ActiveCfg = Release|Any CPU
		{1D1B34ED-70A2-4C70-8EAC-299588D91DEB}.AppStore|iPhone.ActiveCfg = Release|Any CPU
		{1D1B34ED-70A2-4C70-8EAC-299588D91DEB}.AppStore|iPhoneSimulator.ActiveCfg = Release|Any CPU
		{1D1B34ED-70A2-4C70-8EAC-299588D91DEB}.AppStore|Mixed Platforms.ActiveCfg = Release|Any CPU
		{1D1B34ED-70A2-4C70-8EAC-299588D91DEB}.AppStore|Mixed Platforms.Build.0 = Release|Any CPU
		{1D1B34ED-70A2-4C70-8EAC-299588D91DEB}.AppStore|Mixed Platforms.Deploy.0 = Release|Any CPU
		{1D1B34ED-70A2-4C70-8EAC-299588D91DEB}.AppStore|x86.ActiveCfg = Release|Any CPU
		{1D1B34ED-70A2-4C70-8EAC-299588D91DEB}.Debug|Any CPU.ActiveCfg = Debug|Any CPU
		{1D1B34ED-70A2-4C70-8EAC-299588D91DEB}.Debug|Any CPU.Build.0 = Debug|Any CPU
		{1D1B34ED-70A2-4C70-8EAC-299588D91DEB}.Debug|Any CPU.Deploy.0 = Debug|Any CPU
		{1D1B34ED-70A2-4C70-8EAC-299588D91DEB}.Debug|ARM.ActiveCfg = Debug|Any CPU
		{1D1B34ED-70A2-4C70-8EAC-299588D91DEB}.Debug|iPhone.ActiveCfg = Debug|Any CPU
		{1D1B34ED-70A2-4C70-8EAC-299588D91DEB}.Debug|iPhoneSimulator.ActiveCfg = Debug|Any CPU
		{1D1B34ED-70A2-4C70-8EAC-299588D91DEB}.Debug|Mixed Platforms.ActiveCfg = Debug|Any CPU
		{1D1B34ED-70A2-4C70-8EAC-299588D91DEB}.Debug|Mixed Platforms.Build.0 = Debug|Any CPU
		{1D1B34ED-70A2-4C70-8EAC-299588D91DEB}.Debug|Mixed Platforms.Deploy.0 = Debug|Any CPU
		{1D1B34ED-70A2-4C70-8EAC-299588D91DEB}.Debug|x86.ActiveCfg = Debug|Any CPU
		{1D1B34ED-70A2-4C70-8EAC-299588D91DEB}.Release|Any CPU.ActiveCfg = Release|Any CPU
		{1D1B34ED-70A2-4C70-8EAC-299588D91DEB}.Release|Any CPU.Build.0 = Release|Any CPU
		{1D1B34ED-70A2-4C70-8EAC-299588D91DEB}.Release|Any CPU.Deploy.0 = Release|Any CPU
		{1D1B34ED-70A2-4C70-8EAC-299588D91DEB}.Release|ARM.ActiveCfg = Release|Any CPU
		{1D1B34ED-70A2-4C70-8EAC-299588D91DEB}.Release|iPhone.ActiveCfg = Release|Any CPU
		{1D1B34ED-70A2-4C70-8EAC-299588D91DEB}.Release|iPhoneSimulator.ActiveCfg = Release|Any CPU
		{1D1B34ED-70A2-4C70-8EAC-299588D91DEB}.Release|Mixed Platforms.ActiveCfg = Release|Any CPU
		{1D1B34ED-70A2-4C70-8EAC-299588D91DEB}.Release|Mixed Platforms.Build.0 = Release|Any CPU
		{1D1B34ED-70A2-4C70-8EAC-299588D91DEB}.Release|Mixed Platforms.Deploy.0 = Release|Any CPU
		{1D1B34ED-70A2-4C70-8EAC-299588D91DEB}.Release|x86.ActiveCfg = Release|Any CPU
		{FE89E28A-6B08-486C-8E72-5153EFF147FE}.Ad-Hoc|Any CPU.ActiveCfg = Release|Any CPU
		{FE89E28A-6B08-486C-8E72-5153EFF147FE}.Ad-Hoc|Any CPU.Build.0 = Release|Any CPU
		{FE89E28A-6B08-486C-8E72-5153EFF147FE}.Ad-Hoc|Any CPU.Deploy.0 = Release|Any CPU
		{FE89E28A-6B08-486C-8E72-5153EFF147FE}.Ad-Hoc|ARM.ActiveCfg = Release|ARM
		{FE89E28A-6B08-486C-8E72-5153EFF147FE}.Ad-Hoc|ARM.Build.0 = Release|ARM
		{FE89E28A-6B08-486C-8E72-5153EFF147FE}.Ad-Hoc|ARM.Deploy.0 = Release|ARM
		{FE89E28A-6B08-486C-8E72-5153EFF147FE}.Ad-Hoc|iPhone.ActiveCfg = Release|Any CPU
		{FE89E28A-6B08-486C-8E72-5153EFF147FE}.Ad-Hoc|iPhoneSimulator.ActiveCfg = Release|Any CPU
		{FE89E28A-6B08-486C-8E72-5153EFF147FE}.Ad-Hoc|Mixed Platforms.ActiveCfg = Release|x86
		{FE89E28A-6B08-486C-8E72-5153EFF147FE}.Ad-Hoc|Mixed Platforms.Build.0 = Release|x86
		{FE89E28A-6B08-486C-8E72-5153EFF147FE}.Ad-Hoc|Mixed Platforms.Deploy.0 = Release|x86
		{FE89E28A-6B08-486C-8E72-5153EFF147FE}.Ad-Hoc|x86.ActiveCfg = Release|x86
		{FE89E28A-6B08-486C-8E72-5153EFF147FE}.Ad-Hoc|x86.Build.0 = Release|x86
		{FE89E28A-6B08-486C-8E72-5153EFF147FE}.Ad-Hoc|x86.Deploy.0 = Release|x86
		{FE89E28A-6B08-486C-8E72-5153EFF147FE}.AppStore|Any CPU.ActiveCfg = Release|Any CPU
		{FE89E28A-6B08-486C-8E72-5153EFF147FE}.AppStore|Any CPU.Build.0 = Release|Any CPU
		{FE89E28A-6B08-486C-8E72-5153EFF147FE}.AppStore|Any CPU.Deploy.0 = Release|Any CPU
		{FE89E28A-6B08-486C-8E72-5153EFF147FE}.AppStore|ARM.ActiveCfg = Release|ARM
		{FE89E28A-6B08-486C-8E72-5153EFF147FE}.AppStore|ARM.Build.0 = Release|ARM
		{FE89E28A-6B08-486C-8E72-5153EFF147FE}.AppStore|ARM.Deploy.0 = Release|ARM
		{FE89E28A-6B08-486C-8E72-5153EFF147FE}.AppStore|iPhone.ActiveCfg = Release|Any CPU
		{FE89E28A-6B08-486C-8E72-5153EFF147FE}.AppStore|iPhoneSimulator.ActiveCfg = Release|Any CPU
		{FE89E28A-6B08-486C-8E72-5153EFF147FE}.AppStore|Mixed Platforms.ActiveCfg = Release|x86
		{FE89E28A-6B08-486C-8E72-5153EFF147FE}.AppStore|Mixed Platforms.Build.0 = Release|x86
		{FE89E28A-6B08-486C-8E72-5153EFF147FE}.AppStore|Mixed Platforms.Deploy.0 = Release|x86
		{FE89E28A-6B08-486C-8E72-5153EFF147FE}.AppStore|x86.ActiveCfg = Release|x86
		{FE89E28A-6B08-486C-8E72-5153EFF147FE}.AppStore|x86.Build.0 = Release|x86
		{FE89E28A-6B08-486C-8E72-5153EFF147FE}.AppStore|x86.Deploy.0 = Release|x86
		{FE89E28A-6B08-486C-8E72-5153EFF147FE}.Debug|Any CPU.ActiveCfg = Debug|Any CPU
		{FE89E28A-6B08-486C-8E72-5153EFF147FE}.Debug|Any CPU.Build.0 = Debug|Any CPU
		{FE89E28A-6B08-486C-8E72-5153EFF147FE}.Debug|Any CPU.Deploy.0 = Debug|Any CPU
		{FE89E28A-6B08-486C-8E72-5153EFF147FE}.Debug|ARM.ActiveCfg = Debug|ARM
		{FE89E28A-6B08-486C-8E72-5153EFF147FE}.Debug|ARM.Build.0 = Debug|ARM
		{FE89E28A-6B08-486C-8E72-5153EFF147FE}.Debug|ARM.Deploy.0 = Debug|ARM
		{FE89E28A-6B08-486C-8E72-5153EFF147FE}.Debug|iPhone.ActiveCfg = Debug|Any CPU
		{FE89E28A-6B08-486C-8E72-5153EFF147FE}.Debug|iPhoneSimulator.ActiveCfg = Debug|Any CPU
		{FE89E28A-6B08-486C-8E72-5153EFF147FE}.Debug|Mixed Platforms.ActiveCfg = Debug|x86
		{FE89E28A-6B08-486C-8E72-5153EFF147FE}.Debug|Mixed Platforms.Build.0 = Debug|x86
		{FE89E28A-6B08-486C-8E72-5153EFF147FE}.Debug|Mixed Platforms.Deploy.0 = Debug|x86
		{FE89E28A-6B08-486C-8E72-5153EFF147FE}.Debug|x86.ActiveCfg = Debug|x86
		{FE89E28A-6B08-486C-8E72-5153EFF147FE}.Debug|x86.Build.0 = Debug|x86
		{FE89E28A-6B08-486C-8E72-5153EFF147FE}.Debug|x86.Deploy.0 = Debug|x86
		{FE89E28A-6B08-486C-8E72-5153EFF147FE}.Release|Any CPU.ActiveCfg = Release|Any CPU
		{FE89E28A-6B08-486C-8E72-5153EFF147FE}.Release|Any CPU.Build.0 = Release|Any CPU
		{FE89E28A-6B08-486C-8E72-5153EFF147FE}.Release|Any CPU.Deploy.0 = Release|Any CPU
		{FE89E28A-6B08-486C-8E72-5153EFF147FE}.Release|ARM.ActiveCfg = Release|ARM
		{FE89E28A-6B08-486C-8E72-5153EFF147FE}.Release|ARM.Build.0 = Release|ARM
		{FE89E28A-6B08-486C-8E72-5153EFF147FE}.Release|ARM.Deploy.0 = Release|ARM
		{FE89E28A-6B08-486C-8E72-5153EFF147FE}.Release|iPhone.ActiveCfg = Release|Any CPU
		{FE89E28A-6B08-486C-8E72-5153EFF147FE}.Release|iPhoneSimulator.ActiveCfg = Release|Any CPU
		{FE89E28A-6B08-486C-8E72-5153EFF147FE}.Release|Mixed Platforms.ActiveCfg = Release|x86
		{FE89E28A-6B08-486C-8E72-5153EFF147FE}.Release|Mixed Platforms.Build.0 = Release|x86
		{FE89E28A-6B08-486C-8E72-5153EFF147FE}.Release|Mixed Platforms.Deploy.0 = Release|x86
		{FE89E28A-6B08-486C-8E72-5153EFF147FE}.Release|x86.ActiveCfg = Release|x86
		{FE89E28A-6B08-486C-8E72-5153EFF147FE}.Release|x86.Build.0 = Release|x86
		{FE89E28A-6B08-486C-8E72-5153EFF147FE}.Release|x86.Deploy.0 = Release|x86
	EndGlobalSection
	GlobalSection(SolutionProperties) = preSolution
		HideSolutionNode = FALSE
	EndGlobalSection
EndGlobal
